
Microsoft Visual Studio Solution File, Format Version 12.00
# Visual Studio Version 17
VisualStudioVersion = 17.3.32819.101
MinimumVisualStudioVersion = 10.0.40219.1
Project("{FAE04EC0-301F-11D3-BF4B-00C04F79EFBC}") = "NorthwindAPI", "NorthwindAPI\NorthwindAPI.csproj", "{3EF1E871-2BE0-4CD4-A992-22A5DECF6E52}"
EndProject
Global
	GlobalSection(SolutionConfigurationPlatforms) = preSolution
		Debug|Any CPU = Debug|Any CPU
		Release|Any CPU = Release|Any CPU
	EndGlobalSection
	GlobalSection(ProjectConfigurationPlatforms) = postSolution
		{3EF1E871-2BE0-4CD4-A992-22A5DECF6E52}.Debug|Any CPU.ActiveCfg = Debug|Any CPU
		{3EF1E871-2BE0-4CD4-A992-22A5DECF6E52}.Debug|Any CPU.Build.0 = Debug|Any CPU
		{3EF1E871-2BE0-4CD4-A992-22A5DECF6E52}.Release|Any CPU.ActiveCfg = Release|Any CPU
		{3EF1E871-2BE0-4CD4-A992-22A5DECF6E52}.Release|Any CPU.Build.0 = Release|Any CPU
	EndGlobalSection
	GlobalSection(SolutionProperties) = preSolution
		HideSolutionNode = FALSE
	EndGlobalSection
	GlobalSection(ExtensibilityGlobals) = postSolution
		SolutionGuid = {834F91C6-E919-4A78-8C5E-21E4730CD29F}
	EndGlobalSection
EndGlobal
